
Microsoft Visual Studio Solution File, Format Version 12.00
# Visual Studio Version 16
VisualStudioVersion = 16.0.29001.49
MinimumVisualStudioVersion = 10.0.40219.1
Project("{FAE04EC0-301F-11D3-BF4B-00C04F79EFBC}") = "AuthorisationServer", "AuthorisationServer\AuthorisationServer.csproj", "{3228481F-7887-4EC1-A81A-147B3E540308}"
EndProject
Project("{9A19103F-16F7-4668-BE54-9A1E7A4F7556}") = "Client", "Client\Client.csproj", "{68A7EB29-E128-42F3-A4AA-59555BCAE8D6}"
EndProject
Global
	GlobalSection(SolutionConfigurationPlatforms) = preSolution
		Debug|Any CPU = Debug|Any CPU
		Release|Any CPU = Release|Any CPU
	EndGlobalSection
	GlobalSection(ProjectConfigurationPlatforms) = postSolution
		{3228481F-7887-4EC1-A81A-147B3E540308}.Debug|Any CPU.ActiveCfg = Debug|Any CPU
		{3228481F-7887-4EC1-A81A-147B3E540308}.Debug|Any CPU.Build.0 = Debug|Any CPU
		{3228481F-7887-4EC1-A81A-147B3E540308}.Release|Any CPU.ActiveCfg = Release|Any CPU
		{3228481F-7887-4EC1-A81A-147B3E540308}.Release|Any CPU.Build.0 = Release|Any CPU
		{68A7EB29-E128-42F3-A4AA-59555BCAE8D6}.Debug|Any CPU.ActiveCfg = Debug|Any CPU
		{68A7EB29-E128-42F3-A4AA-59555BCAE8D6}.Debug|Any CPU.Build.0 = Debug|Any CPU
		{68A7EB29-E128-42F3-A4AA-59555BCAE8D6}.Release|Any CPU.ActiveCfg = Release|Any CPU
		{68A7EB29-E128-42F3-A4AA-59555BCAE8D6}.Release|Any CPU.Build.0 = Release|Any CPU
	EndGlobalSection
	GlobalSection(SolutionProperties) = preSolution
		HideSolutionNode = FALSE
	EndGlobalSection
	GlobalSection(ExtensibilityGlobals) = postSolution
		SolutionGuid = {4E503A66-7280-4798-8955-43BD3CB28E36}
	EndGlobalSection
EndGlobal
